
Microsoft Visual Studio Solution File, Format Version 12.00
# Visual Studio Version 16
VisualStudioVersion = 16.0.33130.400
MinimumVisualStudioVersion = 10.0.40219.1
Project("{8BC9CEB8-8B4A-11D0-8D11-00A0C91BC942}") = "P1105 哥德巴赫猜想", "P1105 哥德巴赫猜想\P1105 哥德巴赫猜想.vcxproj", "{410719B6-CCA5-46A1-8A9F-F68F1BF67198}"
EndProject
Global
	GlobalSection(SolutionConfigurationPlatforms) = preSolution
		Debug|x64 = Debug|x64
		Debug|x86 = Debug|x86
		Release|x64 = Release|x64
		Release|x86 = Release|x86
	EndGlobalSection
	GlobalSection(ProjectConfigurationPlatforms) = postSolution
		{410719B6-CCA5-46A1-8A9F-F68F1BF67198}.Debug|x64.ActiveCfg = Debug|x64
		{410719B6-CCA5-46A1-8A9F-F68F1BF67198}.Debug|x64.Build.0 = Debug|x64
		{410719B6-CCA5-46A1-8A9F-F68F1BF67198}.Debug|x86.ActiveCfg = Debug|Win32
		{410719B6-CCA5-46A1-8A9F-F68F1BF67198}.Debug|x86.Build.0 = Debug|Win32
		{410719B6-CCA5-46A1-8A9F-F68F1BF67198}.Release|x64.ActiveCfg = Release|x64
		{410719B6-CCA5-46A1-8A9F-F68F1BF67198}.Release|x64.Build.0 = Release|x64
		{410719B6-CCA5-46A1-8A9F-F68F1BF67198}.Release|x86.ActiveCfg = Release|Win32
		{410719B6-CCA5-46A1-8A9F-F68F1BF67198}.Release|x86.Build.0 = Release|Win32
	EndGlobalSection
	GlobalSection(SolutionProperties) = preSolution
		HideSolutionNode = FALSE
	EndGlobalSection
	GlobalSection(ExtensibilityGlobals) = postSolution
		SolutionGuid = {8DD70F98-E946-4840-B785-2711102A5116}
	EndGlobalSection
EndGlobal
