
Microsoft Visual Studio Solution File, Format Version 11.00
# Visual C++ Express 2010
Project("{8BC9CEB8-8B4A-11D0-8D11-00A0C91BC942}") = "西天取经", "西天取经\西天取经.vcxproj", "{2EBAC750-3734-4381-BDD5-74CF436229CA}"
EndProject
Global
	GlobalSection(SolutionConfigurationPlatforms) = preSolution
		Debug|Win32 = Debug|Win32
		Release|Win32 = Release|Win32
	EndGlobalSection
	GlobalSection(ProjectConfigurationPlatforms) = postSolution
		{2EBAC750-3734-4381-BDD5-74CF436229CA}.Debug|Win32.ActiveCfg = Debug|Win32
		{2EBAC750-3734-4381-BDD5-74CF436229CA}.Debug|Win32.Build.0 = Debug|Win32
		{2EBAC750-3734-4381-BDD5-74CF436229CA}.Release|Win32.ActiveCfg = Release|Win32
		{2EBAC750-3734-4381-BDD5-74CF436229CA}.Release|Win32.Build.0 = Release|Win32
	EndGlobalSection
	GlobalSection(SolutionProperties) = preSolution
		HideSolutionNode = FALSE
	EndGlobalSection
EndGlobal
