
Microsoft Visual Studio Solution File, Format Version 12.00
# Visual Studio Version 16
VisualStudioVersion = 16.0.33130.400
MinimumVisualStudioVersion = 10.0.40219.1
Project("{8BC9CEB8-8B4A-11D0-8D11-00A0C91BC942}") = "OJ武松打虎", "OJ武松打虎\OJ武松打虎.vcxproj", "{EC069B74-0D47-4632-9B44-A3706E5D1466}"
EndProject
Global
	GlobalSection(SolutionConfigurationPlatforms) = preSolution
		Debug|x64 = Debug|x64
		Debug|x86 = Debug|x86
		Release|x64 = Release|x64
		Release|x86 = Release|x86
	EndGlobalSection
	GlobalSection(ProjectConfigurationPlatforms) = postSolution
		{EC069B74-0D47-4632-9B44-A3706E5D1466}.Debug|x64.ActiveCfg = Debug|x64
		{EC069B74-0D47-4632-9B44-A3706E5D1466}.Debug|x64.Build.0 = Debug|x64
		{EC069B74-0D47-4632-9B44-A3706E5D1466}.Debug|x86.ActiveCfg = Debug|Win32
		{EC069B74-0D47-4632-9B44-A3706E5D1466}.Debug|x86.Build.0 = Debug|Win32
		{EC069B74-0D47-4632-9B44-A3706E5D1466}.Release|x64.ActiveCfg = Release|x64
		{EC069B74-0D47-4632-9B44-A3706E5D1466}.Release|x64.Build.0 = Release|x64
		{EC069B74-0D47-4632-9B44-A3706E5D1466}.Release|x86.ActiveCfg = Release|Win32
		{EC069B74-0D47-4632-9B44-A3706E5D1466}.Release|x86.Build.0 = Release|Win32
	EndGlobalSection
	GlobalSection(SolutionProperties) = preSolution
		HideSolutionNode = FALSE
	EndGlobalSection
	GlobalSection(ExtensibilityGlobals) = postSolution
		SolutionGuid = {3FF9DE74-C20D-4540-BC54-6EA9F3FB957D}
	EndGlobalSection
EndGlobal
