
Microsoft Visual Studio Solution File, Format Version 12.00
# Visual Studio Version 16
VisualStudioVersion = 16.0.33130.400
MinimumVisualStudioVersion = 10.0.40219.1
Project("{8BC9CEB8-8B4A-11D0-8D11-00A0C91BC942}") = "P1107 八进制到十进制", "P1107 八进制到十进制\P1107 八进制到十进制.vcxproj", "{30FDE3AF-17BF-4C1A-804C-FFFBB3CF28A6}"
EndProject
Global
	GlobalSection(SolutionConfigurationPlatforms) = preSolution
		Debug|x64 = Debug|x64
		Debug|x86 = Debug|x86
		Release|x64 = Release|x64
		Release|x86 = Release|x86
	EndGlobalSection
	GlobalSection(ProjectConfigurationPlatforms) = postSolution
		{30FDE3AF-17BF-4C1A-804C-FFFBB3CF28A6}.Debug|x64.ActiveCfg = Debug|x64
		{30FDE3AF-17BF-4C1A-804C-FFFBB3CF28A6}.Debug|x64.Build.0 = Debug|x64
		{30FDE3AF-17BF-4C1A-804C-FFFBB3CF28A6}.Debug|x86.ActiveCfg = Debug|Win32
		{30FDE3AF-17BF-4C1A-804C-FFFBB3CF28A6}.Debug|x86.Build.0 = Debug|Win32
		{30FDE3AF-17BF-4C1A-804C-FFFBB3CF28A6}.Release|x64.ActiveCfg = Release|x64
		{30FDE3AF-17BF-4C1A-804C-FFFBB3CF28A6}.Release|x64.Build.0 = Release|x64
		{30FDE3AF-17BF-4C1A-804C-FFFBB3CF28A6}.Release|x86.ActiveCfg = Release|Win32
		{30FDE3AF-17BF-4C1A-804C-FFFBB3CF28A6}.Release|x86.Build.0 = Release|Win32
	EndGlobalSection
	GlobalSection(SolutionProperties) = preSolution
		HideSolutionNode = FALSE
	EndGlobalSection
	GlobalSection(ExtensibilityGlobals) = postSolution
		SolutionGuid = {69C8A730-B718-440C-8A2D-24105022AB42}
	EndGlobalSection
EndGlobal
