
Microsoft Visual Studio Solution File, Format Version 12.00
# Visual Studio Version 16
VisualStudioVersion = 16.0.33130.400
MinimumVisualStudioVersion = 10.0.40219.1
Project("{8BC9CEB8-8B4A-11D0-8D11-00A0C91BC942}") = "P1121 大整数减法", "P1121 大整数减法\P1121 大整数减法.vcxproj", "{78E58C2A-4D9A-4BA0-960B-972DC77A8297}"
EndProject
Global
	GlobalSection(SolutionConfigurationPlatforms) = preSolution
		Debug|x64 = Debug|x64
		Debug|x86 = Debug|x86
		Release|x64 = Release|x64
		Release|x86 = Release|x86
	EndGlobalSection
	GlobalSection(ProjectConfigurationPlatforms) = postSolution
		{78E58C2A-4D9A-4BA0-960B-972DC77A8297}.Debug|x64.ActiveCfg = Debug|x64
		{78E58C2A-4D9A-4BA0-960B-972DC77A8297}.Debug|x64.Build.0 = Debug|x64
		{78E58C2A-4D9A-4BA0-960B-972DC77A8297}.Debug|x86.ActiveCfg = Debug|Win32
		{78E58C2A-4D9A-4BA0-960B-972DC77A8297}.Debug|x86.Build.0 = Debug|Win32
		{78E58C2A-4D9A-4BA0-960B-972DC77A8297}.Release|x64.ActiveCfg = Release|x64
		{78E58C2A-4D9A-4BA0-960B-972DC77A8297}.Release|x64.Build.0 = Release|x64
		{78E58C2A-4D9A-4BA0-960B-972DC77A8297}.Release|x86.ActiveCfg = Release|Win32
		{78E58C2A-4D9A-4BA0-960B-972DC77A8297}.Release|x86.Build.0 = Release|Win32
	EndGlobalSection
	GlobalSection(SolutionProperties) = preSolution
		HideSolutionNode = FALSE
	EndGlobalSection
	GlobalSection(ExtensibilityGlobals) = postSolution
		SolutionGuid = {83AB8A8B-F458-4A21-9CDA-4B9A251F8AAB}
	EndGlobalSection
EndGlobal
